
Microsoft Visual Studio Solution File, Format Version 12.00
# Visual Studio Version 17
VisualStudioVersion = 17.2.32630.192
MinimumVisualStudioVersion = 10.0.40219.1
Project("{FAE04EC0-301F-11D3-BF4B-00C04F79EFBC}") = "Animix.API", "Animix.API\Animix.API.csproj", "{8135A328-1A3A-4D42-9CFE-4F92152CAFB0}"
EndProject
Project("{FAE04EC0-301F-11D3-BF4B-00C04F79EFBC}") = "Animix.Domain", "Animix.Domain\Animix.Domain.csproj", "{F999A996-8EB2-4923-86F0-5D7993A45703}"
EndProject
Project("{FAE04EC0-301F-11D3-BF4B-00C04F79EFBC}") = "Animix.Infrastructure", "Animix.Infrastructure\Animix.Infrastructure.csproj", "{3D7938E2-52CF-4629-8E9E-6FA8EB3966E5}"
EndProject
Global
	GlobalSection(SolutionConfigurationPlatforms) = preSolution
		Debug|Any CPU = Debug|Any CPU
		Release|Any CPU = Release|Any CPU
	EndGlobalSection
	GlobalSection(ProjectConfigurationPlatforms) = postSolution
		{8135A328-1A3A-4D42-9CFE-4F92152CAFB0}.Debug|Any CPU.ActiveCfg = Debug|Any CPU
		{8135A328-1A3A-4D42-9CFE-4F92152CAFB0}.Debug|Any CPU.Build.0 = Debug|Any CPU
		{8135A328-1A3A-4D42-9CFE-4F92152CAFB0}.Release|Any CPU.ActiveCfg = Release|Any CPU
		{8135A328-1A3A-4D42-9CFE-4F92152CAFB0}.Release|Any CPU.Build.0 = Release|Any CPU
		{F999A996-8EB2-4923-86F0-5D7993A45703}.Debug|Any CPU.ActiveCfg = Debug|Any CPU
		{F999A996-8EB2-4923-86F0-5D7993A45703}.Debug|Any CPU.Build.0 = Debug|Any CPU
		{F999A996-8EB2-4923-86F0-5D7993A45703}.Release|Any CPU.ActiveCfg = Release|Any CPU
		{F999A996-8EB2-4923-86F0-5D7993A45703}.Release|Any CPU.Build.0 = Release|Any CPU
		{3D7938E2-52CF-4629-8E9E-6FA8EB3966E5}.Debug|Any CPU.ActiveCfg = Debug|Any CPU
		{3D7938E2-52CF-4629-8E9E-6FA8EB3966E5}.Debug|Any CPU.Build.0 = Debug|Any CPU
		{3D7938E2-52CF-4629-8E9E-6FA8EB3966E5}.Release|Any CPU.ActiveCfg = Release|Any CPU
		{3D7938E2-52CF-4629-8E9E-6FA8EB3966E5}.Release|Any CPU.Build.0 = Release|Any CPU
	EndGlobalSection
	GlobalSection(SolutionProperties) = preSolution
		HideSolutionNode = FALSE
	EndGlobalSection
	GlobalSection(ExtensibilityGlobals) = postSolution
		SolutionGuid = {244006F4-C573-43EC-9105-AF68C66F088D}
	EndGlobalSection
EndGlobal
